
Microsoft Visual Studio Solution File, Format Version 12.00
# Visual Studio Version 17
VisualStudioVersion = 17.10.35122.118
MinimumVisualStudioVersion = 10.0.40219.1
Project("{FAE04EC0-301F-11D3-BF4B-00C04F79EFBC}") = "HomeApp2.UWP", "HomeApp2\HomeApp2.UWP\HomeApp2.UWP.csproj", "{A31C308B-8090-4C6D-ADF0-664E2309E603}"
EndProject
Project("{FAE04EC0-301F-11D3-BF4B-00C04F79EFBC}") = "HomeApp2.Android", "HomeApp2\HomeApp2.Android\HomeApp2.Android.csproj", "{FC3AF394-799C-47DE-9E6E-359E28A4656A}"
EndProject
Project("{FAE04EC0-301F-11D3-BF4B-00C04F79EFBC}") = "HomeApp2.iOS", "HomeApp2\HomeApp2.iOS\HomeApp2.iOS.csproj", "{6E73890E-A94A-43DF-ADC0-5C162171DE47}"
EndProject
Project("{FAE04EC0-301F-11D3-BF4B-00C04F79EFBC}") = "HomeApp2", "HomeApp2\HomeApp2\HomeApp2.csproj", "{3D275524-1D42-4AC2-A5E4-502C751786D4}"
EndProject
Global
	GlobalSection(SolutionConfigurationPlatforms) = preSolution
		Debug|Any CPU = Debug|Any CPU
		Debug|ARM = Debug|ARM
		Debug|iPhone = Debug|iPhone
		Debug|iPhoneSimulator = Debug|iPhoneSimulator
		Debug|x64 = Debug|x64
		Debug|x86 = Debug|x86
		Release|Any CPU = Release|Any CPU
		Release|ARM = Release|ARM
		Release|iPhone = Release|iPhone
		Release|iPhoneSimulator = Release|iPhoneSimulator
		Release|x64 = Release|x64
		Release|x86 = Release|x86
	EndGlobalSection
	GlobalSection(ProjectConfigurationPlatforms) = postSolution
		{A31C308B-8090-4C6D-ADF0-664E2309E603}.Debug|Any CPU.ActiveCfg = Debug|x64
		{A31C308B-8090-4C6D-ADF0-664E2309E603}.Debug|Any CPU.Build.0 = Debug|x64
		{A31C308B-8090-4C6D-ADF0-664E2309E603}.Debug|Any CPU.Deploy.0 = Debug|x64
		{A31C308B-8090-4C6D-ADF0-664E2309E603}.Debug|ARM.ActiveCfg = Debug|ARM
		{A31C308B-8090-4C6D-ADF0-664E2309E603}.Debug|ARM.Build.0 = Debug|ARM
		{A31C308B-8090-4C6D-ADF0-664E2309E603}.Debug|ARM.Deploy.0 = Debug|ARM
		{A31C308B-8090-4C6D-ADF0-664E2309E603}.Debug|iPhone.ActiveCfg = Debug|x64
		{A31C308B-8090-4C6D-ADF0-664E2309E603}.Debug|iPhone.Build.0 = Debug|x64
		{A31C308B-8090-4C6D-ADF0-664E2309E603}.Debug|iPhone.Deploy.0 = Debug|x64
		{A31C308B-8090-4C6D-ADF0-664E2309E603}.Debug|iPhoneSimulator.ActiveCfg = Debug|x64
		{A31C308B-8090-4C6D-ADF0-664E2309E603}.Debug|iPhoneSimulator.Build.0 = Debug|x64
		{A31C308B-8090-4C6D-ADF0-664E2309E603}.Debug|iPhoneSimulator.Deploy.0 = Debug|x64
		{A31C308B-8090-4C6D-ADF0-664E2309E603}.Debug|x64.ActiveCfg = Debug|x64
		{A31C308B-8090-4C6D-ADF0-664E2309E603}.Debug|x64.Build.0 = Debug|x64
		{A31C308B-8090-4C6D-ADF0-664E2309E603}.Debug|x64.Deploy.0 = Debug|x64
		{A31C308B-8090-4C6D-ADF0-664E2309E603}.Debug|x86.ActiveCfg = Debug|x86
		{A31C308B-8090-4C6D-ADF0-664E2309E603}.Debug|x86.Build.0 = Debug|x86
		{A31C308B-8090-4C6D-ADF0-664E2309E603}.Debug|x86.Deploy.0 = Debug|x86
		{A31C308B-8090-4C6D-ADF0-664E2309E603}.Release|Any CPU.ActiveCfg = Release|x64
		{A31C308B-8090-4C6D-ADF0-664E2309E603}.Release|Any CPU.Build.0 = Release|x64
		{A31C308B-8090-4C6D-ADF0-664E2309E603}.Release|Any CPU.Deploy.0 = Release|x64
		{A31C308B-8090-4C6D-ADF0-664E2309E603}.Release|ARM.ActiveCfg = Release|ARM
		{A31C308B-8090-4C6D-ADF0-664E2309E603}.Release|ARM.Build.0 = Release|ARM
		{A31C308B-8090-4C6D-ADF0-664E2309E603}.Release|ARM.Deploy.0 = Release|ARM
		{A31C308B-8090-4C6D-ADF0-664E2309E603}.Release|iPhone.ActiveCfg = Release|x64
		{A31C308B-8090-4C6D-ADF0-664E2309E603}.Release|iPhone.Build.0 = Release|x64
		{A31C308B-8090-4C6D-ADF0-664E2309E603}.Release|iPhone.Deploy.0 = Release|x64
		{A31C308B-8090-4C6D-ADF0-664E2309E603}.Release|iPhoneSimulator.ActiveCfg = Release|x64
		{A31C308B-8090-4C6D-ADF0-664E2309E603}.Release|iPhoneSimulator.Build.0 = Release|x64
		{A31C308B-8090-4C6D-ADF0-664E2309E603}.Release|iPhoneSimulator.Deploy.0 = Release|x64
		{A31C308B-8090-4C6D-ADF0-664E2309E603}.Release|x64.ActiveCfg = Release|x64
		{A31C308B-8090-4C6D-ADF0-664E2309E603}.Release|x64.Build.0 = Release|x64
		{A31C308B-8090-4C6D-ADF0-664E2309E603}.Release|x64.Deploy.0 = Release|x64
		{A31C308B-8090-4C6D-ADF0-664E2309E603}.Release|x86.ActiveCfg = Release|x86
		{A31C308B-8090-4C6D-ADF0-664E2309E603}.Release|x86.Build.0 = Release|x86
		{A31C308B-8090-4C6D-ADF0-664E2309E603}.Release|x86.Deploy.0 = Release|x86
		{FC3AF394-799C-47DE-9E6E-359E28A4656A}.Debug|Any CPU.ActiveCfg = Debug|Any CPU
		{FC3AF394-799C-47DE-9E6E-359E28A4656A}.Debug|Any CPU.Build.0 = Debug|Any CPU
		{FC3AF394-799C-47DE-9E6E-359E28A4656A}.Debug|Any CPU.Deploy.0 = Debug|Any CPU
		{FC3AF394-799C-47DE-9E6E-359E28A4656A}.Debug|ARM.ActiveCfg = Debug|Any CPU
		{FC3AF394-799C-47DE-9E6E-359E28A4656A}.Debug|ARM.Build.0 = Debug|Any CPU
		{FC3AF394-799C-47DE-9E6E-359E28A4656A}.Debug|ARM.Deploy.0 = Debug|Any CPU
		{FC3AF394-799C-47DE-9E6E-359E28A4656A}.Debug|iPhone.ActiveCfg = Debug|Any CPU
		{FC3AF394-799C-47DE-9E6E-359E28A4656A}.Debug|iPhone.Build.0 = Debug|Any CPU
		{FC3AF394-799C-47DE-9E6E-359E28A4656A}.Debug|iPhone.Deploy.0 = Debug|Any CPU
		{FC3AF394-799C-47DE-9E6E-359E28A4656A}.Debug|iPhoneSimulator.ActiveCfg = Debug|Any CPU
		{FC3AF394-799C-47DE-9E6E-359E28A4656A}.Debug|iPhoneSimulator.Build.0 = Debug|Any CPU
		{FC3AF394-799C-47DE-9E6E-359E28A4656A}.Debug|iPhoneSimulator.Deploy.0 = Debug|Any CPU
		{FC3AF394-799C-47DE-9E6E-359E28A4656A}.Debug|x64.ActiveCfg = Debug|Any CPU
		{FC3AF394-799C-47DE-9E6E-359E28A4656A}.Debug|x64.Build.0 = Debug|Any CPU
		{FC3AF394-799C-47DE-9E6E-359E28A4656A}.Debug|x64.Deploy.0 = Debug|Any CPU
		{FC3AF394-799C-47DE-9E6E-359E28A4656A}.Debug|x86.ActiveCfg = Debug|Any CPU
		{FC3AF394-799C-47DE-9E6E-359E28A4656A}.Debug|x86.Build.0 = Debug|Any CPU
		{FC3AF394-799C-47DE-9E6E-359E28A4656A}.Debug|x86.Deploy.0 = Debug|Any CPU
		{FC3AF394-799C-47DE-9E6E-359E28A4656A}.Release|Any CPU.ActiveCfg = Release|Any CPU
		{FC3AF394-799C-47DE-9E6E-359E28A4656A}.Release|Any CPU.Build.0 = Release|Any CPU
		{FC3AF394-799C-47DE-9E6E-359E28A4656A}.Release|Any CPU.Deploy.0 = Release|Any CPU
		{FC3AF394-799C-47DE-9E6E-359E28A4656A}.Release|ARM.ActiveCfg = Release|Any CPU
		{FC3AF394-799C-47DE-9E6E-359E28A4656A}.Release|ARM.Build.0 = Release|Any CPU
		{FC3AF394-799C-47DE-9E6E-359E28A4656A}.Release|ARM.Deploy.0 = Release|Any CPU
		{FC3AF394-799C-47DE-9E6E-359E28A4656A}.Release|iPhone.ActiveCfg = Release|Any CPU
		{FC3AF394-799C-47DE-9E6E-359E28A4656A}.Release|iPhone.Build.0 = Release|Any CPU
		{FC3AF394-799C-47DE-9E6E-359E28A4656A}.Release|iPhone.Deploy.0 = Release|Any CPU
		{FC3AF394-799C-47DE-9E6E-359E28A4656A}.Release|iPhoneSimulator.ActiveCfg = Release|Any CPU
		{FC3AF394-799C-47DE-9E6E-359E28A4656A}.Release|iPhoneSimulator.Build.0 = Release|Any CPU
		{FC3AF394-799C-47DE-9E6E-359E28A4656A}.Release|iPhoneSimulator.Deploy.0 = Release|Any CPU
		{FC3AF394-799C-47DE-9E6E-359E28A4656A}.Release|x64.ActiveCfg = Release|Any CPU
		{FC3AF394-799C-47DE-9E6E-359E28A4656A}.Release|x64.Build.0 = Release|Any CPU
		{FC3AF394-799C-47DE-9E6E-359E28A4656A}.Release|x64.Deploy.0 = Release|Any CPU
		{FC3AF394-799C-47DE-9E6E-359E28A4656A}.Release|x86.ActiveCfg = Release|Any CPU
		{FC3AF394-799C-47DE-9E6E-359E28A4656A}.Release|x86.Build.0 = Release|Any CPU
		{FC3AF394-799C-47DE-9E6E-359E28A4656A}.Release|x86.Deploy.0 = Release|Any CPU
		{6E73890E-A94A-43DF-ADC0-5C162171DE47}.Debug|Any CPU.ActiveCfg = Debug|iPhoneSimulator
		{6E73890E-A94A-43DF-ADC0-5C162171DE47}.Debug|Any CPU.Build.0 = Debug|iPhoneSimulator
		{6E73890E-A94A-43DF-ADC0-5C162171DE47}.Debug|Any CPU.Deploy.0 = Debug|iPhoneSimulator
		{6E73890E-A94A-43DF-ADC0-5C162171DE47}.Debug|ARM.ActiveCfg = Debug|iPhoneSimulator
		{6E73890E-A94A-43DF-ADC0-5C162171DE47}.Debug|ARM.Build.0 = Debug|iPhoneSimulator
		{6E73890E-A94A-43DF-ADC0-5C162171DE47}.Debug|ARM.Deploy.0 = Debug|iPhoneSimulator
		{6E73890E-A94A-43DF-ADC0-5C162171DE47}.Debug|iPhone.ActiveCfg = Debug|iPhone
		{6E73890E-A94A-43DF-ADC0-5C162171DE47}.Debug|iPhone.Build.0 = Debug|iPhone
		{6E73890E-A94A-43DF-ADC0-5C162171DE47}.Debug|iPhone.Deploy.0 = Debug|iPhone
		{6E73890E-A94A-43DF-ADC0-5C162171DE47}.Debug|iPhoneSimulator.ActiveCfg = Debug|iPhoneSimulator
		{6E73890E-A94A-43DF-ADC0-5C162171DE47}.Debug|iPhoneSimulator.Build.0 = Debug|iPhoneSimulator
		{6E73890E-A94A-43DF-ADC0-5C162171DE47}.Debug|iPhoneSimulator.Deploy.0 = Debug|iPhoneSimulator
		{6E73890E-A94A-43DF-ADC0-5C162171DE47}.Debug|x64.ActiveCfg = Debug|iPhone
		{6E73890E-A94A-43DF-ADC0-5C162171DE47}.Debug|x64.Build.0 = Debug|iPhone
		{6E73890E-A94A-43DF-ADC0-5C162171DE47}.Debug|x64.Deploy.0 = Debug|iPhone
		{6E73890E-A94A-43DF-ADC0-5C162171DE47}.Debug|x86.ActiveCfg = Debug|iPhoneSimulator
		{6E73890E-A94A-43DF-ADC0-5C162171DE47}.Debug|x86.Build.0 = Debug|iPhoneSimulator
		{6E73890E-A94A-43DF-ADC0-5C162171DE47}.Debug|x86.Deploy.0 = Debug|iPhoneSimulator
		{6E73890E-A94A-43DF-ADC0-5C162171DE47}.Release|Any CPU.ActiveCfg = Release|iPhoneSimulator
		{6E73890E-A94A-43DF-ADC0-5C162171DE47}.Release|Any CPU.Build.0 = Release|iPhoneSimulator
		{6E73890E-A94A-43DF-ADC0-5C162171DE47}.Release|Any CPU.Deploy.0 = Release|iPhoneSimulator
		{6E73890E-A94A-43DF-ADC0-5C162171DE47}.Release|ARM.ActiveCfg = Release|iPhoneSimulator
		{6E73890E-A94A-43DF-ADC0-5C162171DE47}.Release|ARM.Build.0 = Release|iPhoneSimulator
		{6E73890E-A94A-43DF-ADC0-5C162171DE47}.Release|ARM.Deploy.0 = Release|iPhoneSimulator
		{6E73890E-A94A-43DF-ADC0-5C162171DE47}.Release|iPhone.ActiveCfg = Release|iPhone
		{6E73890E-A94A-43DF-ADC0-5C162171DE47}.Release|iPhone.Build.0 = Release|iPhone
		{6E73890E-A94A-43DF-ADC0-5C162171DE47}.Release|iPhone.Deploy.0 = Release|iPhone
		{6E73890E-A94A-43DF-ADC0-5C162171DE47}.Release|iPhoneSimulator.ActiveCfg = Release|iPhoneSimulator
		{6E73890E-A94A-43DF-ADC0-5C162171DE47}.Release|iPhoneSimulator.Build.0 = Release|iPhoneSimulator
		{6E73890E-A94A-43DF-ADC0-5C162171DE47}.Release|iPhoneSimulator.Deploy.0 = Release|iPhoneSimulator
		{6E73890E-A94A-43DF-ADC0-5C162171DE47}.Release|x64.ActiveCfg = Release|iPhoneSimulator
		{6E73890E-A94A-43DF-ADC0-5C162171DE47}.Release|x64.Build.0 = Release|iPhoneSimulator
		{6E73890E-A94A-43DF-ADC0-5C162171DE47}.Release|x64.Deploy.0 = Release|iPhoneSimulator
		{6E73890E-A94A-43DF-ADC0-5C162171DE47}.Release|x86.ActiveCfg = Release|iPhoneSimulator
		{6E73890E-A94A-43DF-ADC0-5C162171DE47}.Release|x86.Build.0 = Release|iPhoneSimulator
		{6E73890E-A94A-43DF-ADC0-5C162171DE47}.Release|x86.Deploy.0 = Release|iPhoneSimulator
		{3D275524-1D42-4AC2-A5E4-502C751786D4}.Debug|Any CPU.ActiveCfg = Debug|Any CPU
		{3D275524-1D42-4AC2-A5E4-502C751786D4}.Debug|Any CPU.Build.0 = Debug|Any CPU
		{3D275524-1D42-4AC2-A5E4-502C751786D4}.Debug|Any CPU.Deploy.0 = Debug|Any CPU
		{3D275524-1D42-4AC2-A5E4-502C751786D4}.Debug|ARM.ActiveCfg = Debug|Any CPU
		{3D275524-1D42-4AC2-A5E4-502C751786D4}.Debug|ARM.Build.0 = Debug|Any CPU
		{3D275524-1D42-4AC2-A5E4-502C751786D4}.Debug|ARM.Deploy.0 = Debug|Any CPU
		{3D275524-1D42-4AC2-A5E4-502C751786D4}.Debug|iPhone.ActiveCfg = Debug|Any CPU
		{3D275524-1D42-4AC2-A5E4-502C751786D4}.Debug|iPhone.Build.0 = Debug|Any CPU
		{3D275524-1D42-4AC2-A5E4-502C751786D4}.Debug|iPhone.Deploy.0 = Debug|Any CPU
		{3D275524-1D42-4AC2-A5E4-502C751786D4}.Debug|iPhoneSimulator.ActiveCfg = Debug|Any CPU
		{3D275524-1D42-4AC2-A5E4-502C751786D4}.Debug|iPhoneSimulator.Build.0 = Debug|Any CPU
		{3D275524-1D42-4AC2-A5E4-502C751786D4}.Debug|iPhoneSimulator.Deploy.0 = Debug|Any CPU
		{3D275524-1D42-4AC2-A5E4-502C751786D4}.Debug|x64.ActiveCfg = Debug|Any CPU
		{3D275524-1D42-4AC2-A5E4-502C751786D4}.Debug|x64.Build.0 = Debug|Any CPU
		{3D275524-1D42-4AC2-A5E4-502C751786D4}.Debug|x64.Deploy.0 = Debug|Any CPU
		{3D275524-1D42-4AC2-A5E4-502C751786D4}.Debug|x86.ActiveCfg = Debug|Any CPU
		{3D275524-1D42-4AC2-A5E4-502C751786D4}.Debug|x86.Build.0 = Debug|Any CPU
		{3D275524-1D42-4AC2-A5E4-502C751786D4}.Debug|x86.Deploy.0 = Debug|Any CPU
		{3D275524-1D42-4AC2-A5E4-502C751786D4}.Release|Any CPU.ActiveCfg = Release|Any CPU
		{3D275524-1D42-4AC2-A5E4-502C751786D4}.Release|Any CPU.Build.0 = Release|Any CPU
		{3D275524-1D42-4AC2-A5E4-502C751786D4}.Release|Any CPU.Deploy.0 = Release|Any CPU
		{3D275524-1D42-4AC2-A5E4-502C751786D4}.Release|ARM.ActiveCfg = Release|Any CPU
		{3D275524-1D42-4AC2-A5E4-502C751786D4}.Release|ARM.Build.0 = Release|Any CPU
		{3D275524-1D42-4AC2-A5E4-502C751786D4}.Release|ARM.Deploy.0 = Release|Any CPU
		{3D275524-1D42-4AC2-A5E4-502C751786D4}.Release|iPhone.ActiveCfg = Release|Any CPU
		{3D275524-1D42-4AC2-A5E4-502C751786D4}.Release|iPhone.Build.0 = Release|Any CPU
		{3D275524-1D42-4AC2-A5E4-502C751786D4}.Release|iPhone.Deploy.0 = Release|Any CPU
		{3D275524-1D42-4AC2-A5E4-502C751786D4}.Release|iPhoneSimulator.ActiveCfg = Release|Any CPU
		{3D275524-1D42-4AC2-A5E4-502C751786D4}.Release|iPhoneSimulator.Build.0 = Release|Any CPU
		{3D275524-1D42-4AC2-A5E4-502C751786D4}.Release|iPhoneSimulator.Deploy.0 = Release|Any CPU
		{3D275524-1D42-4AC2-A5E4-502C751786D4}.Release|x64.ActiveCfg = Release|Any CPU
		{3D275524-1D42-4AC2-A5E4-502C751786D4}.Release|x64.Build.0 = Release|Any CPU
		{3D275524-1D42-4AC2-A5E4-502C751786D4}.Release|x64.Deploy.0 = Release|Any CPU
		{3D275524-1D42-4AC2-A5E4-502C751786D4}.Release|x86.ActiveCfg = Release|Any CPU
		{3D275524-1D42-4AC2-A5E4-502C751786D4}.Release|x86.Build.0 = Release|Any CPU
		{3D275524-1D42-4AC2-A5E4-502C751786D4}.Release|x86.Deploy.0 = Release|Any CPU
	EndGlobalSection
	GlobalSection(SolutionProperties) = preSolution
		HideSolutionNode = FALSE
	EndGlobalSection
	GlobalSection(ExtensibilityGlobals) = postSolution
		SolutionGuid = {5FE41800-31B2-408B-A339-DCD7187282C7}
	EndGlobalSection
EndGlobal
